
Microsoft Visual Studio Solution File, Format Version 12.00
# Visual Studio Version 17
VisualStudioVersion = 17.11.35327.3
MinimumVisualStudioVersion = 10.0.40219.1
Project("{FAE04EC0-301F-11D3-BF4B-00C04F79EFBC}") = "NorthWind.Entities", "NorthWind.Entities\NorthWind.Entities.csproj", "{0120A0D1-963D-49A9-B9FB-CA2485B720F4}"
EndProject
Global
	GlobalSection(SolutionConfigurationPlatforms) = preSolution
		Debug|Any CPU = Debug|Any CPU
		Release|Any CPU = Release|Any CPU
	EndGlobalSection
	GlobalSection(ProjectConfigurationPlatforms) = postSolution
		{0120A0D1-963D-49A9-B9FB-CA2485B720F4}.Debug|Any CPU.ActiveCfg = Debug|Any CPU
		{0120A0D1-963D-49A9-B9FB-CA2485B720F4}.Debug|Any CPU.Build.0 = Debug|Any CPU
		{0120A0D1-963D-49A9-B9FB-CA2485B720F4}.Release|Any CPU.ActiveCfg = Release|Any CPU
		{0120A0D1-963D-49A9-B9FB-CA2485B720F4}.Release|Any CPU.Build.0 = Release|Any CPU
	EndGlobalSection
	GlobalSection(SolutionProperties) = preSolution
		HideSolutionNode = FALSE
	EndGlobalSection
	GlobalSection(ExtensibilityGlobals) = postSolution
		SolutionGuid = {38964397-C4BF-4398-9590-57E84E8F60CD}
	EndGlobalSection
EndGlobal
